// !$*UTF8*$!
{
	archiveVersion = 1;
	classes = {
	};
	objectVersion = 46;
	objects = {

/* Begin PBXBuildFile section */
		AEAEEF8819E0B8D100BE0F4D /* main.m in Sources */ = {isa = PBXBuildFile; fileRef = AEAEEF8719E0B8D100BE0F4D /* main.m */; };
		AEAEEF8B19E0B8D100BE0F4D /* AppDelegate.m in Sources */ = {isa = PBXBuildFile; fileRef = AEAEEF8A19E0B8D100BE0F4D /* AppDelegate.m */; };
		AEAEEF8E19E0B8D100BE0F4D /* ViewController.m in Sources */ = {isa = PBXBuildFile; fileRef = AEAEEF8D19E0B8D100BE0F4D /* ViewController.m */; };
		AEAEEF9319E0B8D100BE0F4D /* Images.xcassets in Resources */ = {isa = PBXBuildFile; fileRef = AEAEEF9219E0B8D100BE0F4D /* Images.xcassets */; };
		AEAEEFA219E0B8D200BE0F4D /* BlocBrowserTests.m in Sources */ = {isa = PBXBuildFile; fileRef = AEAEEFA119E0B8D200BE0F4D /* BlocBrowserTests.m */; };
		AEAEEFB419E0BA1B00BE0F4D /* WebBrowserViewController.m in Sources */ = {isa = PBXBuildFile; fileRef = AEAEEFB319E0BA1B00BE0F4D /* WebBrowserViewController.m */; };
/* End PBXBuildFile section */

/* Begin PBXContainerItemProxy section */
		AEAEEF9C19E0B8D200BE0F4D /* PBXContainerItemProxy */ = {
			isa = PBXContainerItemProxy;
			containerPortal = AEAEEF7A19E0B8D100BE0F4D /* Project object */;
			proxyType = 1;
			remoteGlobalIDString = AEAEEF8119E0B8D100BE0F4D;
			remoteInfo = BlocBrowser;
		};
/* End PBXContainerItemProxy section */

/* Begin PBXFileReference section */
		AEAEEF8219E0B8D100BE0F4D /* BlocBrowser.app */ = {isa = PBXFileReference; explicitFileType = wrapper.application; includeInIndex = 0; path = BlocBrowser.app; sourceTree = BUILT_PRODUCTS_DIR; };
		AEAEEF8619E0B8D100BE0F4D /* Info.plist */ = {isa = PBXFileReference; lastKnownFileType = text.plist.xml; path = Info.plist; sourceTree = "<group>"; };
		AEAEEF8719E0B8D100BE0F4D /* main.m */ = {isa = PBXFileReference; lastKnownFileType = sourcecode.c.objc; path = main.m; sourceTree = "<group>"; };
		AEAEEF8919E0B8D100BE0F4D /* AppDelegate.h */ = {isa = PBXFileReference; lastKnownFileType = sourcecode.c.h; path = AppDelegate.h; sourceTree = "<group>"; };
		AEAEEF8A19E0B8D100BE0F4D /* AppDelegate.m */ = {isa = PBXFileReference; lastKnownFileType = sourcecode.c.objc; path = AppDelegate.m; sourceTree = "<group>"; };
		AEAEEF8C19E0B8D100BE0F4D /* ViewController.h */ = {isa = PBXFileReference; lastKnownFileType = sourcecode.c.h; path = ViewController.h; sourceTree = "<group>"; };
		AEAEEF8D19E0B8D100BE0F4D /* ViewController.m */ = {isa = PBXFileReference; lastKnownFileType = sourcecode.c.objc; path = ViewController.m; sourceTree = "<group>"; };
		AEAEEF9219E0B8D100BE0F4D /* Images.xcassets */ = {isa = PBXFileReference; lastKnownFileType = folder.assetcatalog; path = Images.xcassets; sourceTree = "<group>"; };
		AEAEEF9B19E0B8D200BE0F4D /* BlocBrowserTests.xctest */ = {isa = PBXFileReference; explicitFileType = wrapper.cfbundle; includeInIndex = 0; path = BlocBrowserTests.xctest; sourceTree = BUILT_PRODUCTS_DIR; };
		AEAEEFA019E0B8D200BE0F4D /* Info.plist */ = {isa = PBXFileReference; lastKnownFileType = text.plist.xml; path = Info.plist; sourceTree = "<group>"; };
		AEAEEFA119E0B8D200BE0F4D /* BlocBrowserTests.m */ = {isa = PBXFileReference; lastKnownFileType = sourcecode.c.objc; path = BlocBrowserTests.m; sourceTree = "<group>"; };
		AEAEEFB219E0BA1B00BE0F4D /* WebBrowserViewController.h */ = {isa = PBXFileReference; fileEncoding = 4; lastKnownFileType = sourcecode.c.h; path = WebBrowserViewController.h; sourceTree = "<group>"; };
		AEAEEFB319E0BA1B00BE0F4D /* WebBrowserViewController.m */ = {isa = PBXFileReference; fileEncoding = 4; lastKnownFileType = sourcecode.c.objc; path = WebBrowserViewController.m; sourceTree = "<group>"; };
/* End PBXFileReference section */

/* Begin PBXFrameworksBuildPhase section */
		AEAEEF7F19E0B8D100BE0F4D /* Frameworks */ = {
			isa = PBXFrameworksBuildPhase;
			buildActionMask = 2147483647;
			files = (
			);
			runOnlyForDeploymentPostprocessing = 0;
		};
		AEAEEF9819E0B8D100BE0F4D /* Frameworks */ = {
			isa = PBXFrameworksBuildPhase;
			buildActionMask = 2147483647;
			files = (
			);
			runOnlyForDeploymentPostprocessing = 0;
		};
/* End PBXFrameworksBuildPhase section */

/* Begin PBXGroup section */
		AEAEEF7919E0B8D100BE0F4D = {
			isa = PBXGroup;
			children = (
				AEAEEF8419E0B8D100BE0F4D /* BlocBrowser */,
				AEAEEF9E19E0B8D200BE0F4D /* BlocBrowserTests */,
				AEAEEF8319E0B8D100BE0F4D /* Products */,
			);
			sourceTree = "<group>";
		};
		AEAEEF8319E0B8D100BE0F4D /* Products */ = {
			isa = PBXGroup;
			children = (
				AEAEEF8219E0B8D100BE0F4D /* BlocBrowser.app */,
				AEAEEF9B19E0B8D200BE0F4D /* BlocBrowserTests.xctest */,
			);
			name = Products;
			sourceTree = "<group>";
		};
		AEAEEF8419E0B8D100BE0F4D /* BlocBrowser */ = {
			isa = PBXGroup;
			children = (
				AEAEEF8919E0B8D100BE0F4D /* AppDelegate.h */,
				AEAEEF8A19E0B8D100BE0F4D /* AppDelegate.m */,
				AEAEEFB219E0BA1B00BE0F4D /* WebBrowserViewController.h */,
				AEAEEFB319E0BA1B00BE0F4D /* WebBrowserViewController.m */,
				AEAEEF8C19E0B8D100BE0F4D /* ViewController.h */,
				AEAEEF8D19E0B8D100BE0F4D /* ViewController.m */,
				AEAEEF9219E0B8D100BE0F4D /* Images.xcassets */,
				AEAEEF8519E0B8D100BE0F4D /* Supporting Files */,
			);
			path = BlocBrowser;
			sourceTree = "<group>";
		};
		AEAEEF8519E0B8D100BE0F4D /* Supporting Files */ = {
			isa = PBXGroup;
			children = (
				AEAEEF8619E0B8D100BE0F4D /* Info.plist */,
				AEAEEF8719E0B8D100BE0F4D /* main.m */,
			);
			name = "Supporting Files";
			sourceTree = "<group>";
		};
		AEAEEF9E19E0B8D200BE0F4D /* BlocBrowserTests */ = {
			isa = PBXGroup;
			children = (
				AEAEEFA119E0B8D200BE0F4D /* BlocBrowserTests.m */,
				AEAEEF9F19E0B8D200BE0F4D /* Supporting Files */,
			);
			path = BlocBrowserTests;
			sourceTree = "<group>";
		};
		AEAEEF9F19E0B8D200BE0F4D /* Supporting Files */ = {
			isa = PBXGroup;
			children = (
				AEAEEFA019E0B8D200BE0F4D /* Info.plist */,
			);
			name = "Supporting Files";
			sourceTree = "<group>";
		};
/* End PBXGroup section */

/* Begin PBXNativeTarget section */
		AEAEEF8119E0B8D100BE0F4D /* BlocBrowser */ = {
			isa = PBXNativeTarget;
			buildConfigurationList = AEAEEFA519E0B8D200BE0F4D /* Build configuration list for PBXNativeTarget "BlocBrowser" */;
			buildPhases = (
				AEAEEF7E19E0B8D100BE0F4D /* Sources */,
				AEAEEF7F19E0B8D100BE0F4D /* Frameworks */,
				AEAEEF8019E0B8D100BE0F4D /* Resources */,
			);
			buildRules = (
			);
			dependencies = (
			);
			name = BlocBrowser;
			productName = BlocBrowser;
			productReference = AEAEEF8219E0B8D100BE0F4D /* BlocBrowser.app */;
			productType = "com.apple.product-type.application";
		};
		AEAEEF9A19E0B8D100BE0F4D /* BlocBrowserTests */ = {
			isa = PBXNativeTarget;
			buildConfigurationList = AEAEEFA819E0B8D200BE0F4D /* Build configuration list for PBXNativeTarget "BlocBrowserTests" */;
			buildPhases = (
				AEAEEF9719E0B8D100BE0F4D /* Sources */,
				AEAEEF9819E0B8D100BE0F4D /* Frameworks */,
				AEAEEF9919E0B8D100BE0F4D /* Resources */,
			);
			buildRules = (
			);
			dependencies = (
				AEAEEF9D19E0B8D200BE0F4D /* PBXTargetDependency */,
			);
			name = BlocBrowserTests;
			productName = BlocBrowserTests;
			productReference = AEAEEF9B19E0B8D200BE0F4D /* BlocBrowserTests.xctest */;
			productType = "com.apple.product-type.bundle.unit-test";
		};
/* End PBXNativeTarget section */

/* Begin PBXProject section */
		AEAEEF7A19E0B8D100BE0F4D /* Project object */ = {
			isa = PBXProject;
			attributes = {
				LastUpgradeCheck = 0600;
				ORGANIZATIONNAME = "John Adapon";
				TargetAttributes = {
					AEAEEF8119E0B8D100BE0F4D = {
						CreatedOnToolsVersion = 6.0.1;
					};
					AEAEEF9A19E0B8D100BE0F4D = {
						CreatedOnToolsVersion = 6.0.1;
						TestTargetID = AEAEEF8119E0B8D100BE0F4D;
					};
				};
			};
			buildConfigurationList = AEAEEF7D19E0B8D100BE0F4D /* Build configuration list for PBXProject "BlocBrowser" */;
			compatibilityVersion = "Xcode 3.2";
			developmentRegion = English;
			hasScannedForEncodings = 0;
			knownRegions = (
				en,
				Base,
			);
			mainGroup = AEAEEF7919E0B8D100BE0F4D;
			productRefGroup = AEAEEF8319E0B8D100BE0F4D /* Products */;
			projectDirPath = "";
			projectRoot = "";
			targets = (
				AEAEEF8119E0B8D100BE0F4D /* BlocBrowser */,
				AEAEEF9A19E0B8D100BE0F4D /* BlocBrowserTests */,
			);
		};
/* End PBXProject section */

/* Begin PBXResourcesBuildPhase section */
		AEAEEF8019E0B8D100BE0F4D /* Resources */ = {
			isa = PBXResourcesBuildPhase;
			buildActionMask = 2147483647;
			files = (
				AEAEEF9319E0B8D100BE0F4D /* Images.xcassets in Resources */,
			);
			runOnlyForDeploymentPostprocessing = 0;
		};
		AEAEEF9919E0B8D100BE0F4D /* Resources */ = {
			isa = PBXResourcesBuildPhase;
			buildActionMask = 2147483647;
			files = (
			);
			runOnlyForDeploymentPostprocessing = 0;
		};
/* End PBXResourcesBuildPhase section */

/* Begin PBXSourcesBuildPhase section */
		AEAEEF7E19E0B8D100BE0F4D /* Sources */ = {
			isa = PBXSourcesBuildPhase;
			buildActionMask = 2147483647;
			files = (
				AEAEEF8E19E0B8D100BE0F4D /* ViewController.m in Sources */,
				AEAEEF8B19E0B8D100BE0F4D /* AppDelegate.m in Sources */,
				AEAEEFB419E0BA1B00BE0F4D /* WebBrowserViewController.m in Sources */,
				AEAEEF8819E0B8D100BE0F4D /* main.m in Sources */,
			);
			runOnlyForDeploymentPostprocessing = 0;
		};
		AEAEEF9719E0B8D100BE0F4D /* Sources */ = {
			isa = PBXSourcesBuildPhase;
			buildActionMask = 2147483647;
			files = (
				AEAEEFA219E0B8D200BE0F4D /* BlocBrowserTests.m in Sources */,
			);
			runOnlyForDeploymentPostprocessing = 0;
		};
/* End PBXSourcesBuildPhase section */

/* Begin PBXTargetDependency section */
		AEAEEF9D19E0B8D200BE0F4D /* PBXTargetDependency */ = {
			isa = PBXTargetDependency;
			target = AEAEEF8119E0B8D100BE0F4D /* BlocBrowser */;
			targetProxy = AEAEEF9C19E0B8D200BE0F4D /* PBXContainerItemProxy */;
		};
/* End PBXTargetDependency section */

/* Begin XCBuildConfiguration section */
		AEAEEFA319E0B8D200BE0F4D /* Debug */ = {
			isa = XCBuildConfiguration;
			buildSettings = {
				ALWAYS_SEARCH_USER_PATHS = NO;
				CLANG_CXX_LANGUAGE_STANDARD = "gnu++0x";
				CLANG_CXX_LIBRARY = "libc++";
				CLANG_ENABLE_MODULES = YES;
				CLANG_ENABLE_OBJC_ARC = YES;
				CLANG_WARN_BOOL_CONVERSION = YES;
				CLANG_WARN_CONSTANT_CONVERSION = YES;
				CLANG_WARN_DIRECT_OBJC_ISA_USAGE = YES_ERROR;
				CLANG_WARN_EMPTY_BODY = YES;
				CLANG_WARN_ENUM_CONVERSION = YES;
				CLANG_WARN_INT_CONVERSION = YES;
				CLANG_WARN_OBJC_ROOT_CLASS = YES_ERROR;
				CLANG_WARN_UNREACHABLE_CODE = YES;
				CLANG_WARN__DUPLICATE_METHOD_MATCH = YES;
				"CODE_SIGN_IDENTITY[sdk=iphoneos*]" = "iPhone Developer";
				COPY_PHASE_STRIP = NO;
				ENABLE_STRICT_OBJC_MSGSEND = YES;
				GCC_C_LANGUAGE_STANDARD = gnu99;
				GCC_DYNAMIC_NO_PIC = NO;
				GCC_OPTIMIZATION_LEVEL = 0;
				GCC_PREPROCESSOR_DEFINITIONS = (
					"DEBUG=1",
					"$(inherited)",
				);
				GCC_SYMBOLS_PRIVATE_EXTERN = NO;
				GCC_WARN_64_TO_32_BIT_CONVERSION = YES;
				GCC_WARN_ABOUT_RETURN_TYPE = YES_ERROR;
				GCC_WARN_UNDECLARED_SELECTOR = YES;
				GCC_WARN_UNINITIALIZED_AUTOS = YES_AGGRESSIVE;
				GCC_WARN_UNUSED_FUNCTION = YES;
				GCC_WARN_UNUSED_VARIABLE = YES;
				IPHONEOS_DEPLOYMENT_TARGET = 8.0;
				MTL_ENABLE_DEBUG_INFO = YES;
				ONLY_ACTIVE_ARCH = YES;
				SDKROOT = iphoneos;
				TARGETED_DEVICE_FAMILY = "1,2";
			};
			name = Debug;
		};
		AEAEEFA419E0B8D200BE0F4D /* Release */ = {
			isa = XCBuildConfiguration;
			buildSettings = {
				ALWAYS_SEARCH_USER_PATHS = NO;
				CLANG_CXX_LANGUAGE_STANDARD = "gnu++0x";
				CLANG_CXX_LIBRARY = "libc++";
				CLANG_ENABLE_MODULES = YES;
				CLANG_ENABLE_OBJC_ARC = YES;
				CLANG_WARN_BOOL_CONVERSION = YES;
				CLANG_WARN_CONSTANT_CONVERSION = YES;
				CLANG_WARN_DIRECT_OBJC_ISA_USAGE = YES_ERROR;
				CLANG_WARN_EMPTY_BODY = YES;
				CLANG_WARN_ENUM_CONVERSION = YES;
				CLANG_WARN_INT_CONVERSION = YES;
				CLANG_WARN_OBJC_ROOT_CLASS = YES_ERROR;
				CLANG_WARN_UNREACHABLE_CODE = YES;
				CLANG_WARN__DUPLICATE_METHOD_MATCH = YES;
				"CODE_SIGN_IDENTITY[sdk=iphoneos*]" = "iPhone Developer";
				COPY_PHASE_STRIP = YES;
				ENABLE_NS_ASSERTIONS = NO;
				ENABLE_STRICT_OBJC_MSGSEND = YES;
				GCC_C_LANGUAGE_STANDARD = gnu99;
				GCC_WARN_64_TO_32_BIT_CONVERSION = YES;
				GCC_WARN_ABOUT_RETURN_TYPE = YES_ERROR;
				GCC_WARN_UNDECLARED_SELECTOR = YES;
				GCC_WARN_UNINITIALIZED_AUTOS = YES_AGGRESSIVE;
				GCC_WARN_UNUSED_FUNCTION = YES;
				GCC_WARN_UNUSED_VARIABLE = YES;
				IPHONEOS_DEPLOYMENT_TARGET = 8.0;
				MTL_ENABLE_DEBUG_INFO = NO;
				SDKROOT = iphoneos;
				TARGETED_DEVICE_FAMILY = "1,2";
				VALIDATE_PRODUCT = YES;
			};
			name = Release;
		};
		AEAEEFA619E0B8D200BE0F4D /* Debug */ = {
			isa = XCBuildConfiguration;
			buildSettings = {
				ASSETCATALOG_COMPILER_APPICON_NAME = AppIcon;
				INFOPLIST_FILE = BlocBrowser/Info.plist;
				LD_RUNPATH_SEARCH_PATHS = "$(inherited) @executable_path/Frameworks";
				PRODUCT_NAME = "$(TARGET_NAME)";
			};
			name = Debug;
		};
		AEAEEFA719E0B8D200BE0F4D /* Release */ = {
			isa = XCBuildConfiguration;
			buildSettings = {
				ASSETCATALOG_COMPILER_APPICON_NAME = AppIcon;
				INFOPLIST_FILE = BlocBrowser/Info.plist;
				LD_RUNPATH_SEARCH_PATHS = "$(inherited) @executable_path/Frameworks";
				PRODUCT_NAME = "$(TARGET_NAME)";
			};
			name = Release;
		};
		AEAEEFA919E0B8D200BE0F4D /* Debug */ = {
			isa = XCBuildConfiguration;
			buildSettings = {
				BUNDLE_LOADER = "$(TEST_HOST)";
				FRAMEWORK_SEARCH_PATHS = (
					"$(SDKROOT)/Developer/Library/Frameworks",
					"$(inherited)",
				);
				GCC_PREPROCESSOR_DEFINITIONS = (
					"DEBUG=1",
					"$(inherited)",
				);
				INFOPLIST_FILE = BlocBrowserTests/Info.plist;
				LD_RUNPATH_SEARCH_PATHS = "$(inherited) @executable_path/Frameworks @loader_path/Frameworks";
				PRODUCT_NAME = "$(TARGET_NAME)";
				TEST_HOST = "$(BUILT_PRODUCTS_DIR)/BlocBrowser.app/BlocBrowser";
			};
			name = Debug;
		};
		AEAEEFAA19E0B8D200BE0F4D /* Release */ = {
			isa = XCBuildConfiguration;
			buildSettings = {
				BUNDLE_LOADER = "$(TEST_HOST)";
				FRAMEWORK_SEARCH_PATHS = (
					"$(SDKROOT)/Developer/Library/Frameworks",
					"$(inherited)",
				);
				INFOPLIST_FILE = BlocBrowserTests/Info.plist;
				LD_RUNPATH_SEARCH_PATHS = "$(inherited) @executable_path/Frameworks @loader_path/Frameworks";
				PRODUCT_NAME = "$(TARGET_NAME)";
				TEST_HOST = "$(BUILT_PRODUCTS_DIR)/BlocBrowser.app/BlocBrowser";
			};
			name = Release;
		};
/* End XCBuildConfiguration section */

/* Begin XCConfigurationList section */
		AEAEEF7D19E0B8D100BE0F4D /* Build configuration list for PBXProject "BlocBrowser" */ = {
			isa = XCConfigurationList;
			buildConfigurations = (
				AEAEEFA319E0B8D200BE0F4D /* Debug */,
				AEAEEFA419E0B8D200BE0F4D /* Release */,
			);
			defaultConfigurationIsVisible = 0;
			defaultConfigurationName = Release;
		};
		AEAEEFA519E0B8D200BE0F4D /* Build configuration list for PBXNativeTarget "BlocBrowser" */ = {
			isa = XCConfigurationList;
			buildConfigurations = (
				AEAEEFA619E0B8D200BE0F4D /* Debug */,
				AEAEEFA719E0B8D200BE0F4D /* Release */,
			);
			defaultConfigurationIsVisible = 0;
		};
		AEAEEFA819E0B8D200BE0F4D /* Build configuration list for PBXNativeTarget "BlocBrowserTests" */ = {
			isa = XCConfigurationList;
			buildConfigurations = (
				AEAEEFA919E0B8D200BE0F4D /* Debug */,
				AEAEEFAA19E0B8D200BE0F4D /* Release */,
			);
			defaultConfigurationIsVisible = 0;
		};
/* End XCConfigurationList section */
	};
	rootObject = AEAEEF7A19E0B8D100BE0F4D /* Project object */;
}
